
Microsoft Visual Studio Solution File, Format Version 12.00
# Visual Studio Version 17
VisualStudioVersion = 17.0.31903.59
MinimumVisualStudioVersion = 10.0.40219.1
Project("{FAE04EC0-301F-11D3-BF4B-00C04F79EFBC}") = "API", "API\API.csproj", "{99E71443-F83B-4BBD-AB8A-2A7685EC1C67}"
EndProject
Project("{FAE04EC0-301F-11D3-BF4B-00C04F79EFBC}") = "Application", "Application\Application.csproj", "{50118F73-DDBC-488D-B49E-750DD5A61789}"
EndProject
Project("{FAE04EC0-301F-11D3-BF4B-00C04F79EFBC}") = "Domain", "Domain\Domain.csproj", "{0394183F-D016-4780-923A-6A7600A1141C}"
EndProject
Project("{FAE04EC0-301F-11D3-BF4B-00C04F79EFBC}") = "Persistence", "Persistence\Persistence.csproj", "{72477477-96A3-4809-A653-0B5BF696E8DE}"
EndProject
Global
	GlobalSection(SolutionConfigurationPlatforms) = preSolution
		Debug|Any CPU = Debug|Any CPU
		Release|Any CPU = Release|Any CPU
	EndGlobalSection
	GlobalSection(SolutionProperties) = preSolution
		HideSolutionNode = FALSE
	EndGlobalSection
	GlobalSection(ProjectConfigurationPlatforms) = postSolution
		{99E71443-F83B-4BBD-AB8A-2A7685EC1C67}.Debug|Any CPU.ActiveCfg = Debug|Any CPU
		{99E71443-F83B-4BBD-AB8A-2A7685EC1C67}.Debug|Any CPU.Build.0 = Debug|Any CPU
		{99E71443-F83B-4BBD-AB8A-2A7685EC1C67}.Release|Any CPU.ActiveCfg = Release|Any CPU
		{99E71443-F83B-4BBD-AB8A-2A7685EC1C67}.Release|Any CPU.Build.0 = Release|Any CPU
		{50118F73-DDBC-488D-B49E-750DD5A61789}.Debug|Any CPU.ActiveCfg = Debug|Any CPU
		{50118F73-DDBC-488D-B49E-750DD5A61789}.Debug|Any CPU.Build.0 = Debug|Any CPU
		{50118F73-DDBC-488D-B49E-750DD5A61789}.Release|Any CPU.ActiveCfg = Release|Any CPU
		{50118F73-DDBC-488D-B49E-750DD5A61789}.Release|Any CPU.Build.0 = Release|Any CPU
		{0394183F-D016-4780-923A-6A7600A1141C}.Debug|Any CPU.ActiveCfg = Debug|Any CPU
		{0394183F-D016-4780-923A-6A7600A1141C}.Debug|Any CPU.Build.0 = Debug|Any CPU
		{0394183F-D016-4780-923A-6A7600A1141C}.Release|Any CPU.ActiveCfg = Release|Any CPU
		{0394183F-D016-4780-923A-6A7600A1141C}.Release|Any CPU.Build.0 = Release|Any CPU
		{72477477-96A3-4809-A653-0B5BF696E8DE}.Debug|Any CPU.ActiveCfg = Debug|Any CPU
		{72477477-96A3-4809-A653-0B5BF696E8DE}.Debug|Any CPU.Build.0 = Debug|Any CPU
		{72477477-96A3-4809-A653-0B5BF696E8DE}.Release|Any CPU.ActiveCfg = Release|Any CPU
		{72477477-96A3-4809-A653-0B5BF696E8DE}.Release|Any CPU.Build.0 = Release|Any CPU
	EndGlobalSection
EndGlobal
